
Microsoft Visual Studio Solution File, Format Version 12.00
# Visual Studio Version 17
VisualStudioVersion = 17.7.34031.279
MinimumVisualStudioVersion = 10.0.40219.1
Project("{FAE04EC0-301F-11D3-BF4B-00C04F79EFBC}") = "CalculoDolar", "CalculoDolar\CalculoDolar.csproj", "{6C23D0EB-2773-47FC-AE28-5B8589072CDE}"
EndProject
Global
	GlobalSection(SolutionConfigurationPlatforms) = preSolution
		Debug|Any CPU = Debug|Any CPU
		Release|Any CPU = Release|Any CPU
	EndGlobalSection
	GlobalSection(ProjectConfigurationPlatforms) = postSolution
		{6C23D0EB-2773-47FC-AE28-5B8589072CDE}.Debug|Any CPU.ActiveCfg = Debug|Any CPU
		{6C23D0EB-2773-47FC-AE28-5B8589072CDE}.Debug|Any CPU.Build.0 = Debug|Any CPU
		{6C23D0EB-2773-47FC-AE28-5B8589072CDE}.Release|Any CPU.ActiveCfg = Release|Any CPU
		{6C23D0EB-2773-47FC-AE28-5B8589072CDE}.Release|Any CPU.Build.0 = Release|Any CPU
	EndGlobalSection
	GlobalSection(SolutionProperties) = preSolution
		HideSolutionNode = FALSE
	EndGlobalSection
	GlobalSection(ExtensibilityGlobals) = postSolution
		SolutionGuid = {DE2844CF-80A9-4259-B124-30A0516C5815}
	EndGlobalSection
EndGlobal
